// !$*UTF8*$!
{
	archiveVersion = 1;
	classes = {
	};
	objectVersion = 50;
	objects = {

/* Begin PBXBuildFile section */
		75AE990B237B1ACC00579722 /* AppDelegate.swift in Sources */ = {isa = PBXBuildFile; fileRef = 75AE990A237B1ACC00579722 /* AppDelegate.swift */; };
		75AE990D237B1ACC00579722 /* SceneDelegate.swift in Sources */ = {isa = PBXBuildFile; fileRef = 75AE990C237B1ACC00579722 /* SceneDelegate.swift */; };
		75AE990F237B1ACC00579722 /* ViewController.swift in Sources */ = {isa = PBXBuildFile; fileRef = 75AE990E237B1ACC00579722 /* ViewController.swift */; };
		75AE9912237B1ACC00579722 /* Main.storyboard in Resources */ = {isa = PBXBuildFile; fileRef = 75AE9910237B1ACC00579722 /* Main.storyboard */; };
		75AE9915237B1ACC00579722 /* dropDown.xcdatamodeld in Sources */ = {isa = PBXBuildFile; fileRef = 75AE9913237B1ACC00579722 /* dropDown.xcdatamodeld */; };
		75AE9917237B1ACE00579722 /* Assets.xcassets in Resources */ = {isa = PBXBuildFile; fileRef = 75AE9916237B1ACE00579722 /* Assets.xcassets */; };
		75AE991A237B1ACE00579722 /* LaunchScreen.storyboard in Resources */ = {isa = PBXBuildFile; fileRef = 75AE9918237B1ACE00579722 /* LaunchScreen.storyboard */; };
/* End PBXBuildFile section */

/* Begin PBXFileReference section */
		75AE9907237B1ACC00579722 /* dropDown.app */ = {isa = PBXFileReference; explicitFileType = wrapper.application; includeInIndex = 0; path = dropDown.app; sourceTree = BUILT_PRODUCTS_DIR; };
		75AE990A237B1ACC00579722 /* AppDelegate.swift */ = {isa = PBXFileReference; lastKnownFileType = sourcecode.swift; path = AppDelegate.swift; sourceTree = "<group>"; };
		75AE990C237B1ACC00579722 /* SceneDelegate.swift */ = {isa = PBXFileReference; lastKnownFileType = sourcecode.swift; path = SceneDelegate.swift; sourceTree = "<group>"; };
		75AE990E237B1ACC00579722 /* ViewController.swift */ = {isa = PBXFileReference; lastKnownFileType = sourcecode.swift; path = ViewController.swift; sourceTree = "<group>"; };
		75AE9911237B1ACC00579722 /* Base */ = {isa = PBXFileReference; lastKnownFileType = file.storyboard; name = Base; path = Base.lproj/Main.storyboard; sourceTree = "<group>"; };
		75AE9914237B1ACC00579722 /* dropDown.xcdatamodel */ = {isa = PBXFileReference; lastKnownFileType = wrapper.xcdatamodel; path = dropDown.xcdatamodel; sourceTree = "<group>"; };
		75AE9916237B1ACE00579722 /* Assets.xcassets */ = {isa = PBXFileReference; lastKnownFileType = folder.assetcatalog; path = Assets.xcassets; sourceTree = "<group>"; };
		75AE9919237B1ACE00579722 /* Base */ = {isa = PBXFileReference; lastKnownFileType = file.storyboard; name = Base; path = Base.lproj/LaunchScreen.storyboard; sourceTree = "<group>"; };
		75AE991B237B1ACE00579722 /* Info.plist */ = {isa = PBXFileReference; lastKnownFileType = text.plist.xml; path = Info.plist; sourceTree = "<group>"; };
/* End PBXFileReference section */

/* Begin PBXFrameworksBuildPhase section */
		75AE9904237B1ACC00579722 /* Frameworks */ = {
			isa = PBXFrameworksBuildPhase;
			buildActionMask = 2147483647;
			files = (
			);
			runOnlyForDeploymentPostprocessing = 0;
		};
/* End PBXFrameworksBuildPhase section */

/* Begin PBXGroup section */
		75AE98FE237B1ACC00579722 = {
			isa = PBXGroup;
			children = (
				75AE9909237B1ACC00579722 /* dropDown */,
				75AE9908237B1ACC00579722 /* Products */,
			);
			sourceTree = "<group>";
		};
		75AE9908237B1ACC00579722 /* Products */ = {
			isa = PBXGroup;
			children = (
				75AE9907237B1ACC00579722 /* dropDown.app */,
			);
			name = Products;
			sourceTree = "<group>";
		};
		75AE9909237B1ACC00579722 /* dropDown */ = {
			isa = PBXGroup;
			children = (
				75AE990A237B1ACC00579722 /* AppDelegate.swift */,
				75AE990C237B1ACC00579722 /* SceneDelegate.swift */,
				75AE990E237B1ACC00579722 /* ViewController.swift */,
				75AE9910237B1ACC00579722 /* Main.storyboard */,
				75AE9916237B1ACE00579722 /* Assets.xcassets */,
				75AE9918237B1ACE00579722 /* LaunchScreen.storyboard */,
				75AE991B237B1ACE00579722 /* Info.plist */,
				75AE9913237B1ACC00579722 /* dropDown.xcdatamodeld */,
			);
			path = dropDown;
			sourceTree = "<group>";
		};
/* End PBXGroup section */

/* Begin PBXNativeTarget section */
		75AE9906237B1ACC00579722 /* dropDown */ = {
			isa = PBXNativeTarget;
			buildConfigurationList = 75AE991E237B1ACE00579722 /* Build configuration list for PBXNativeTarget "dropDown" */;
			buildPhases = (
				75AE9903237B1ACC00579722 /* Sources */,
				75AE9904237B1ACC00579722 /* Frameworks */,
				75AE9905237B1ACC00579722 /* Resources */,
			);
			buildRules = (
			);
			dependencies = (
			);
			name = dropDown;
			productName = dropDown;
			productReference = 75AE9907237B1ACC00579722 /* dropDown.app */;
			productType = "com.apple.product-type.application";
		};
/* End PBXNativeTarget section */

/* Begin PBXProject section */
		75AE98FF237B1ACC00579722 /* Project object */ = {
			isa = PBXProject;
			attributes = {
				LastSwiftUpdateCheck = 1120;
				LastUpgradeCheck = 1120;
				ORGANIZATIONNAME = "Catia Miranda de Souza";
				TargetAttributes = {
					75AE9906237B1ACC00579722 = {
						CreatedOnToolsVersion = 11.2;
					};
				};
			};
			buildConfigurationList = 75AE9902237B1ACC00579722 /* Build configuration list for PBXProject "dropDown" */;
			compatibilityVersion = "Xcode 9.3";
			developmentRegion = en;
			hasScannedForEncodings = 0;
			knownRegions = (
				en,
				Base,
			);
			mainGroup = 75AE98FE237B1ACC00579722;
			productRefGroup = 75AE9908237B1ACC00579722 /* Products */;
			projectDirPath = "";
			projectRoot = "";
			targets = (
				75AE9906237B1ACC00579722 /* dropDown */,
			);
		};
/* End PBXProject section */

/* Begin PBXResourcesBuildPhase section */
		75AE9905237B1ACC00579722 /* Resources */ = {
			isa = PBXResourcesBuildPhase;
			buildActionMask = 2147483647;
			files = (
				75AE991A237B1ACE00579722 /* LaunchScreen.storyboard in Resources */,
				75AE9917237B1ACE00579722 /* Assets.xcassets in Resources */,
				75AE9912237B1ACC00579722 /* Main.storyboard in Resources */,
			);
			runOnlyForDeploymentPostprocessing = 0;
		};
/* End PBXResourcesBuildPhase section */

/* Begin PBXSourcesBuildPhase section */
		75AE9903237B1ACC00579722 /* Sources */ = {
			isa = PBXSourcesBuildPhase;
			buildActionMask = 2147483647;
			files = (
				75AE990F237B1ACC00579722 /* ViewController.swift in Sources */,
				75AE990B237B1ACC00579722 /* AppDelegate.swift in Sources */,
				75AE9915237B1ACC00579722 /* dropDown.xcdatamodeld in Sources */,
				75AE990D237B1ACC00579722 /* SceneDelegate.swift in Sources */,
			);
			runOnlyForDeploymentPostprocessing = 0;
		};
/* End PBXSourcesBuildPhase section */

/* Begin PBXVariantGroup section */
		75AE9910237B1ACC00579722 /* Main.storyboard */ = {
			isa = PBXVariantGroup;
			children = (
				75AE9911237B1ACC00579722 /* Base */,
			);
			name = Main.storyboard;
			sourceTree = "<group>";
		};
		75AE9918237B1ACE00579722 /* LaunchScreen.storyboard */ = {
			isa = PBXVariantGroup;
			children = (
				75AE9919237B1ACE00579722 /* Base */,
			);
			name = LaunchScreen.storyboard;
			sourceTree = "<group>";
		};
/* End PBXVariantGroup section */

/* Begin XCBuildConfiguration section */
		75AE991C237B1ACE00579722 /* Debug */ = {
			isa = XCBuildConfiguration;
			buildSettings = {
				ALWAYS_SEARCH_USER_PATHS = NO;
				CLANG_ANALYZER_NONNULL = YES;
				CLANG_ANALYZER_NUMBER_OBJECT_CONVERSION = YES_AGGRESSIVE;
				CLANG_CXX_LANGUAGE_STANDARD = "gnu++14";
				CLANG_CXX_LIBRARY = "libc++";
				CLANG_ENABLE_MODULES = YES;
				CLANG_ENABLE_OBJC_ARC = YES;
				CLANG_ENABLE_OBJC_WEAK = YES;
				CLANG_WARN_BLOCK_CAPTURE_AUTORELEASING = YES;
				CLANG_WARN_BOOL_CONVERSION = YES;
				CLANG_WARN_COMMA = YES;
				CLANG_WARN_CONSTANT_CONVERSION = YES;
				CLANG_WARN_DEPRECATED_OBJC_IMPLEMENTATIONS = YES;
				CLANG_WARN_DIRECT_OBJC_ISA_USAGE = YES_ERROR;
				CLANG_WARN_DOCUMENTATION_COMMENTS = YES;
				CLANG_WARN_EMPTY_BODY = YES;
				CLANG_WARN_ENUM_CONVERSION = YES;
				CLANG_WARN_INFINITE_RECURSION = YES;
				CLANG_WARN_INT_CONVERSION = YES;
				CLANG_WARN_NON_LITERAL_NULL_CONVERSION = YES;
				CLANG_WARN_OBJC_IMPLICIT_RETAIN_SELF = YES;
				CLANG_WARN_OBJC_LITERAL_CONVERSION = YES;
				CLANG_WARN_OBJC_ROOT_CLASS = YES_ERROR;
				CLANG_WARN_RANGE_LOOP_ANALYSIS = YES;
				CLANG_WARN_STRICT_PROTOTYPES = YES;
				CLANG_WARN_SUSPICIOUS_MOVE = YES;
				CLANG_WARN_UNGUARDED_AVAILABILITY = YES_AGGRESSIVE;
				CLANG_WARN_UNREACHABLE_CODE = YES;
				CLANG_WARN__DUPLICATE_METHOD_MATCH = YES;
				COPY_PHASE_STRIP = NO;
				DEBUG_INFORMATION_FORMAT = dwarf;
				ENABLE_STRICT_OBJC_MSGSEND = YES;
				ENABLE_TESTABILITY = YES;
				GCC_C_LANGUAGE_STANDARD = gnu11;
				GCC_DYNAMIC_NO_PIC = NO;
				GCC_NO_COMMON_BLOCKS = YES;
				GCC_OPTIMIZATION_LEVEL = 0;
				GCC_PREPROCESSOR_DEFINITIONS = (
					"DEBUG=1",
					"$(inherited)",
				);
				GCC_WARN_64_TO_32_BIT_CONVERSION = YES;
				GCC_WARN_ABOUT_RETURN_TYPE = YES_ERROR;
				GCC_WARN_UNDECLARED_SELECTOR = YES;
				GCC_WARN_UNINITIALIZED_AUTOS = YES_AGGRESSIVE;
				GCC_WARN_UNUSED_FUNCTION = YES;
				GCC_WARN_UNUSED_VARIABLE = YES;
				IPHONEOS_DEPLOYMENT_TARGET = 13.2;
				MTL_ENABLE_DEBUG_INFO = INCLUDE_SOURCE;
				MTL_FAST_MATH = YES;
				ONLY_ACTIVE_ARCH = YES;
				SDKROOT = iphoneos;
				SWIFT_ACTIVE_COMPILATION_CONDITIONS = DEBUG;
				SWIFT_OPTIMIZATION_LEVEL = "-Onone";
			};
			name = Debug;
		};
		75AE991D237B1ACE00579722 /* Release */ = {
			isa = XCBuildConfiguration;
			buildSettings = {
				ALWAYS_SEARCH_USER_PATHS = NO;
				CLANG_ANALYZER_NONNULL = YES;
				CLANG_ANALYZER_NUMBER_OBJECT_CONVERSION = YES_AGGRESSIVE;
				CLANG_CXX_LANGUAGE_STANDARD = "gnu++14";
				CLANG_CXX_LIBRARY = "libc++";
				CLANG_ENABLE_MODULES = YES;
				CLANG_ENABLE_OBJC_ARC = YES;
				CLANG_ENABLE_OBJC_WEAK = YES;
				CLANG_WARN_BLOCK_CAPTURE_AUTORELEASING = YES;
				CLANG_WARN_BOOL_CONVERSION = YES;
				CLANG_WARN_COMMA = YES;
				CLANG_WARN_CONSTANT_CONVERSION = YES;
				CLANG_WARN_DEPRECATED_OBJC_IMPLEMENTATIONS = YES;
				CLANG_WARN_DIRECT_OBJC_ISA_USAGE = YES_ERROR;
				CLANG_WARN_DOCUMENTATION_COMMENTS = YES;
				CLANG_WARN_EMPTY_BODY = YES;
				CLANG_WARN_ENUM_CONVERSION = YES;
				CLANG_WARN_INFINITE_RECURSION = YES;
				CLANG_WARN_INT_CONVERSION = YES;
				CLANG_WARN_NON_LITERAL_NULL_CONVERSION = YES;
				CLANG_WARN_OBJC_IMPLICIT_RETAIN_SELF = YES;
				CLANG_WARN_OBJC_LITERAL_CONVERSION = YES;
				CLANG_WARN_OBJC_ROOT_CLASS = YES_ERROR;
				CLANG_WARN_RANGE_LOOP_ANALYSIS = YES;
				CLANG_WARN_STRICT_PROTOTYPES = YES;
				CLANG_WARN_SUSPICIOUS_MOVE = YES;
				CLANG_WARN_UNGUARDED_AVAILABILITY = YES_AGGRESSIVE;
				CLANG_WARN_UNREACHABLE_CODE = YES;
				CLANG_WARN__DUPLICATE_METHOD_MATCH = YES;
				COPY_PHASE_STRIP = NO;
				DEBUG_INFORMATION_FORMAT = "dwarf-with-dsym";
				ENABLE_NS_ASSERTIONS = NO;
				ENABLE_STRICT_OBJC_MSGSEND = YES;
				GCC_C_LANGUAGE_STANDARD = gnu11;
				GCC_NO_COMMON_BLOCKS = YES;
				GCC_WARN_64_TO_32_BIT_CONVERSION = YES;
				GCC_WARN_ABOUT_RETURN_TYPE = YES_ERROR;
				GCC_WARN_UNDECLARED_SELECTOR = YES;
				GCC_WARN_UNINITIALIZED_AUTOS = YES_AGGRESSIVE;
				GCC_WARN_UNUSED_FUNCTION = YES;
				GCC_WARN_UNUSED_VARIABLE = YES;
				IPHONEOS_DEPLOYMENT_TARGET = 13.2;
				MTL_ENABLE_DEBUG_INFO = NO;
				MTL_FAST_MATH = YES;
				SDKROOT = iphoneos;
				SWIFT_COMPILATION_MODE = wholemodule;
				SWIFT_OPTIMIZATION_LEVEL = "-O";
				VALIDATE_PRODUCT = YES;
			};
			name = Release;
		};
		75AE991F237B1ACE00579722 /* Debug */ = {
			isa = XCBuildConfiguration;
			buildSettings = {
				ASSETCATALOG_COMPILER_APPICON_NAME = AppIcon;
				CODE_SIGN_STYLE = Automatic;
				DEVELOPMENT_TEAM = AS994HB957;
				INFOPLIST_FILE = dropDown/Info.plist;
				LD_RUNPATH_SEARCH_PATHS = (
					"$(inherited)",
					"@executable_path/Frameworks",
				);
				PRODUCT_BUNDLE_IDENTIFIER = com.catiasouza.dropDown;
				PRODUCT_NAME = "$(TARGET_NAME)";
				SWIFT_VERSION = 5.0;
				TARGETED_DEVICE_FAMILY = "1,2";
			};
			name = Debug;
		};
		75AE9920237B1ACE00579722 /* Release */ = {
			isa = XCBuildConfiguration;
			buildSettings = {
				ASSETCATALOG_COMPILER_APPICON_NAME = AppIcon;
				CODE_SIGN_STYLE = Automatic;
				DEVELOPMENT_TEAM = AS994HB957;
				INFOPLIST_FILE = dropDown/Info.plist;
				LD_RUNPATH_SEARCH_PATHS = (
					"$(inherited)",
					"@executable_path/Frameworks",
				);
				PRODUCT_BUNDLE_IDENTIFIER = com.catiasouza.dropDown;
				PRODUCT_NAME = "$(TARGET_NAME)";
				SWIFT_VERSION = 5.0;
				TARGETED_DEVICE_FAMILY = "1,2";
			};
			name = Release;
		};
/* End XCBuildConfiguration section */

/* Begin XCConfigurationList section */
		75AE9902237B1ACC00579722 /* Build configuration list for PBXProject "dropDown" */ = {
			isa = XCConfigurationList;
			buildConfigurations = (
				75AE991C237B1ACE00579722 /* Debug */,
				75AE991D237B1ACE00579722 /* Release */,
			);
			defaultConfigurationIsVisible = 0;
			defaultConfigurationName = Release;
		};
		75AE991E237B1ACE00579722 /* Build configuration list for PBXNativeTarget "dropDown" */ = {
			isa = XCConfigurationList;
			buildConfigurations = (
				75AE991F237B1ACE00579722 /* Debug */,
				75AE9920237B1ACE00579722 /* Release */,
			);
			defaultConfigurationIsVisible = 0;
			defaultConfigurationName = Release;
		};
/* End XCConfigurationList section */

/* Begin XCVersionGroup section */
		75AE9913237B1ACC00579722 /* dropDown.xcdatamodeld */ = {
			isa = XCVersionGroup;
			children = (
				75AE9914237B1ACC00579722 /* dropDown.xcdatamodel */,
			);
			currentVersion = 75AE9914237B1ACC00579722 /* dropDown.xcdatamodel */;
			path = dropDown.xcdatamodeld;
			sourceTree = "<group>";
			versionGroupType = wrapper.xcdatamodel;
		};
/* End XCVersionGroup section */
	};
	rootObject = 75AE98FF237B1ACC00579722 /* Project object */;
}
